<Solution>
  <Project Path="AstarPathfindingProject.csproj" />
  <Project Path="Main.csproj" />
  <Project Path="Tests.csproj" />
  <Project Path="PackageToolsEditor.csproj" />
  <Project Path="Assembly-CSharp-Editor.csproj" />
  <Project Path="AstarPathfindingProjectEditor.csproj" />
  <Project Path="Assembly-CSharp.csproj" />
</Solution>
